
Microsoft Visual Studio Solution File, Format Version 12.00
# Visual Studio 14
VisualStudioVersion = 14.0.25420.1
MinimumVisualStudioVersion = 10.0.40219.1
Project("{8BC9CEB8-8B4A-11D0-8D11-00A0C91BC942}") = "cluster", "cluster.vcxproj.vcxproj", "{84D1CF53-EB4A-42A9-8659-5DAD04F3691D}"
EndProject
Project("{8BC9CEB8-8B4A-11D0-8D11-00A0C91BC942}") = "net", "..\net\net.vcxproj", "{276ECBE7-33FE-47E0-B72D-BD45BC5C57EE}"
EndProject
Project("{8BC9CEB8-8B4A-11D0-8D11-00A0C91BC942}") = "Sample", "..\sample\Sample.vcxproj", "{646D3DC0-ACA4-4F5C-87A5-5785C6D38BC8}"
EndProject
Global
	GlobalSection(SolutionConfigurationPlatforms) = preSolution
		Debug|x64 = Debug|x64
		Debug|x86 = Debug|x86
		Release|x64 = Release|x64
		Release|x86 = Release|x86
	EndGlobalSection
	GlobalSection(ProjectConfigurationPlatforms) = postSolution
		{84D1CF53-EB4A-42A9-8659-5DAD04F3691D}.Debug|x64.ActiveCfg = Debug|x64
		{84D1CF53-EB4A-42A9-8659-5DAD04F3691D}.Debug|x64.Build.0 = Debug|x64
		{84D1CF53-EB4A-42A9-8659-5DAD04F3691D}.Debug|x86.ActiveCfg = Debug|Win32
		{84D1CF53-EB4A-42A9-8659-5DAD04F3691D}.Debug|x86.Build.0 = Debug|Win32
		{84D1CF53-EB4A-42A9-8659-5DAD04F3691D}.Release|x64.ActiveCfg = Release|x64
		{84D1CF53-EB4A-42A9-8659-5DAD04F3691D}.Release|x64.Build.0 = Release|x64
		{84D1CF53-EB4A-42A9-8659-5DAD04F3691D}.Release|x86.ActiveCfg = Release|Win32
		{84D1CF53-EB4A-42A9-8659-5DAD04F3691D}.Release|x86.Build.0 = Release|Win32
		{276ECBE7-33FE-47E0-B72D-BD45BC5C57EE}.Debug|x64.ActiveCfg = Debug|x64
		{276ECBE7-33FE-47E0-B72D-BD45BC5C57EE}.Debug|x64.Build.0 = Debug|x64
		{276ECBE7-33FE-47E0-B72D-BD45BC5C57EE}.Debug|x86.ActiveCfg = Debug|Win32
		{276ECBE7-33FE-47E0-B72D-BD45BC5C57EE}.Debug|x86.Build.0 = Debug|Win32
		{276ECBE7-33FE-47E0-B72D-BD45BC5C57EE}.Release|x64.ActiveCfg = Release|x64
		{276ECBE7-33FE-47E0-B72D-BD45BC5C57EE}.Release|x64.Build.0 = Release|x64
		{276ECBE7-33FE-47E0-B72D-BD45BC5C57EE}.Release|x86.ActiveCfg = Release|Win32
		{276ECBE7-33FE-47E0-B72D-BD45BC5C57EE}.Release|x86.Build.0 = Release|Win32
		{646D3DC0-ACA4-4F5C-87A5-5785C6D38BC8}.Debug|x64.ActiveCfg = Debug|x64
		{646D3DC0-ACA4-4F5C-87A5-5785C6D38BC8}.Debug|x64.Build.0 = Debug|x64
		{646D3DC0-ACA4-4F5C-87A5-5785C6D38BC8}.Debug|x86.ActiveCfg = Debug|Win32
		{646D3DC0-ACA4-4F5C-87A5-5785C6D38BC8}.Debug|x86.Build.0 = Debug|Win32
		{646D3DC0-ACA4-4F5C-87A5-5785C6D38BC8}.Release|x64.ActiveCfg = Release|x64
		{646D3DC0-ACA4-4F5C-87A5-5785C6D38BC8}.Release|x64.Build.0 = Release|x64
		{646D3DC0-ACA4-4F5C-87A5-5785C6D38BC8}.Release|x86.ActiveCfg = Release|Win32
		{646D3DC0-ACA4-4F5C-87A5-5785C6D38BC8}.Release|x86.Build.0 = Release|Win32
	EndGlobalSection
	GlobalSection(SolutionProperties) = preSolution
		HideSolutionNode = FALSE
	EndGlobalSection
EndGlobal
